
Microsoft Visual Studio Solution File, Format Version 12.00
# Visual Studio 15
VisualStudioVersion = 15.0.27703.2026
MinimumVisualStudioVersion = 10.0.40219.1
Project("{FAE04EC0-301F-11D3-BF4B-00C04F79EFBC}") = "anyBaseControl", "anyBaseControl\anyBaseControl.csproj", "{AC24884C-4B73-4B28-BF7A-5FF2AADA0C8E}"
EndProject
Global
	GlobalSection(SolutionConfigurationPlatforms) = preSolution
		Debug|Any CPU = Debug|Any CPU
		Release|Any CPU = Release|Any CPU
	EndGlobalSection
	GlobalSection(ProjectConfigurationPlatforms) = postSolution
		{AC24884C-4B73-4B28-BF7A-5FF2AADA0C8E}.Debug|Any CPU.ActiveCfg = Debug|Any CPU
		{AC24884C-4B73-4B28-BF7A-5FF2AADA0C8E}.Debug|Any CPU.Build.0 = Debug|Any CPU
		{AC24884C-4B73-4B28-BF7A-5FF2AADA0C8E}.Release|Any CPU.ActiveCfg = Release|Any CPU
		{AC24884C-4B73-4B28-BF7A-5FF2AADA0C8E}.Release|Any CPU.Build.0 = Release|Any CPU
	EndGlobalSection
	GlobalSection(SolutionProperties) = preSolution
		HideSolutionNode = FALSE
	EndGlobalSection
	GlobalSection(ExtensibilityGlobals) = postSolution
		SolutionGuid = {60059333-129D-4216-8F34-877BAD57DC1C}
	EndGlobalSection
EndGlobal
